
Microsoft Visual Studio Solution File, Format Version 12.00
# Visual Studio Version 17
VisualStudioVersion = 17.0.31903.59
MinimumVisualStudioVersion = 10.0.40219.1
Project("{2150E333-8FDC-42A3-9474-1A3956D46DE8}") = "src", "src", "{F8F0D8FE-5B77-469E-B02C-45D21837C9D4}"
EndProject
Project("{F2A71F9B-5D33-465A-A702-920D77279786}") = "p1eXu5.FSharp.Ports", "src\p1eXu5.FSharp.Ports\p1eXu5.FSharp.Ports.fsproj", "{61F722B8-426E-48DE-8D48-B7BB024905E5}"
EndProject
Global
	GlobalSection(SolutionConfigurationPlatforms) = preSolution
		Debug|Any CPU = Debug|Any CPU
		Release|Any CPU = Release|Any CPU
	EndGlobalSection
	GlobalSection(ProjectConfigurationPlatforms) = postSolution
		{61F722B8-426E-48DE-8D48-B7BB024905E5}.Debug|Any CPU.ActiveCfg = Debug|Any CPU
		{61F722B8-426E-48DE-8D48-B7BB024905E5}.Debug|Any CPU.Build.0 = Debug|Any CPU
		{61F722B8-426E-48DE-8D48-B7BB024905E5}.Release|Any CPU.ActiveCfg = Release|Any CPU
		{61F722B8-426E-48DE-8D48-B7BB024905E5}.Release|Any CPU.Build.0 = Release|Any CPU
	EndGlobalSection
	GlobalSection(SolutionProperties) = preSolution
		HideSolutionNode = FALSE
	EndGlobalSection
	GlobalSection(NestedProjects) = preSolution
		{61F722B8-426E-48DE-8D48-B7BB024905E5} = {F8F0D8FE-5B77-469E-B02C-45D21837C9D4}
	EndGlobalSection
EndGlobal
